// !$*UTF8*$!
{
	archiveVersion = 1;
	classes = {
	};
	objectVersion = 46;
	objects = {

/* Begin PBXBuildFile section */
		CA3D1DB41D00184100F6B64E /* AppDelegate.swift in Sources */ = {isa = PBXBuildFile; fileRef = CA3D1DB31D00184100F6B64E /* AppDelegate.swift */; };
		CA3D1DB61D00184100F6B64E /* ViewController.swift in Sources */ = {isa = PBXBuildFile; fileRef = CA3D1DB51D00184100F6B64E /* ViewController.swift */; };
		CA3D1DB91D00184100F6B64E /* Main.storyboard in Resources */ = {isa = PBXBuildFile; fileRef = CA3D1DB71D00184100F6B64E /* Main.storyboard */; };
		CA3D1DBB1D00184100F6B64E /* Assets.xcassets in Resources */ = {isa = PBXBuildFile; fileRef = CA3D1DBA1D00184100F6B64E /* Assets.xcassets */; };
		CA3D1DBE1D00184100F6B64E /* LaunchScreen.storyboard in Resources */ = {isa = PBXBuildFile; fileRef = CA3D1DBC1D00184100F6B64E /* LaunchScreen.storyboard */; };
/* End PBXBuildFile section */

/* Begin PBXFileReference section */
		CA3D1DB01D00184100F6B64E /* AutolayoutTest.app */ = {isa = PBXFileReference; explicitFileType = wrapper.application; includeInIndex = 0; path = AutolayoutTest.app; sourceTree = BUILT_PRODUCTS_DIR; };
		CA3D1DB31D00184100F6B64E /* AppDelegate.swift */ = {isa = PBXFileReference; lastKnownFileType = sourcecode.swift; path = AppDelegate.swift; sourceTree = "<group>"; };
		CA3D1DB51D00184100F6B64E /* ViewController.swift */ = {isa = PBXFileReference; lastKnownFileType = sourcecode.swift; path = ViewController.swift; sourceTree = "<group>"; };
		CA3D1DB81D00184100F6B64E /* Base */ = {isa = PBXFileReference; lastKnownFileType = file.storyboard; name = Base; path = Base.lproj/Main.storyboard; sourceTree = "<group>"; };
		CA3D1DBA1D00184100F6B64E /* Assets.xcassets */ = {isa = PBXFileReference; lastKnownFileType = folder.assetcatalog; path = Assets.xcassets; sourceTree = "<group>"; };
		CA3D1DBD1D00184100F6B64E /* Base */ = {isa = PBXFileReference; lastKnownFileType = file.storyboard; name = Base; path = Base.lproj/LaunchScreen.storyboard; sourceTree = "<group>"; };
		CA3D1DBF1D00184100F6B64E /* Info.plist */ = {isa = PBXFileReference; lastKnownFileType = text.plist.xml; path = Info.plist; sourceTree = "<group>"; };
/* End PBXFileReference section */

/* Begin PBXFrameworksBuildPhase section */
		CA3D1DAD1D00184100F6B64E /* Frameworks */ = {
			isa = PBXFrameworksBuildPhase;
			buildActionMask = 2147483647;
			files = (
			);
			runOnlyForDeploymentPostprocessing = 0;
		};
/* End PBXFrameworksBuildPhase section */

/* Begin PBXGroup section */
		CA3D1DA71D00184100F6B64E = {
			isa = PBXGroup;
			children = (
				CA3D1DB21D00184100F6B64E /* AutolayoutTest */,
				CA3D1DB11D00184100F6B64E /* Products */,
			);
			sourceTree = "<group>";
		};
		CA3D1DB11D00184100F6B64E /* Products */ = {
			isa = PBXGroup;
			children = (
				CA3D1DB01D00184100F6B64E /* AutolayoutTest.app */,
			);
			name = Products;
			sourceTree = "<group>";
		};
		CA3D1DB21D00184100F6B64E /* AutolayoutTest */ = {
			isa = PBXGroup;
			children = (
				CA3D1DB31D00184100F6B64E /* AppDelegate.swift */,
				CA3D1DB51D00184100F6B64E /* ViewController.swift */,
				CA3D1DB71D00184100F6B64E /* Main.storyboard */,
				CA3D1DBA1D00184100F6B64E /* Assets.xcassets */,
				CA3D1DBC1D00184100F6B64E /* LaunchScreen.storyboard */,
				CA3D1DBF1D00184100F6B64E /* Info.plist */,
			);
			path = AutolayoutTest;
			sourceTree = "<group>";
		};
/* End PBXGroup section */

/* Begin PBXNativeTarget section */
		CA3D1DAF1D00184100F6B64E /* AutolayoutTest */ = {
			isa = PBXNativeTarget;
			buildConfigurationList = CA3D1DC21D00184100F6B64E /* Build configuration list for PBXNativeTarget "AutolayoutTest" */;
			buildPhases = (
				CA3D1DAC1D00184100F6B64E /* Sources */,
				CA3D1DAD1D00184100F6B64E /* Frameworks */,
				CA3D1DAE1D00184100F6B64E /* Resources */,
			);
			buildRules = (
			);
			dependencies = (
			);
			name = AutolayoutTest;
			productName = AutolayoutTest;
			productReference = CA3D1DB01D00184100F6B64E /* AutolayoutTest.app */;
			productType = "com.apple.product-type.application";
		};
/* End PBXNativeTarget section */

/* Begin PBXProject section */
		CA3D1DA81D00184100F6B64E /* Project object */ = {
			isa = PBXProject;
			attributes = {
				LastSwiftUpdateCheck = 0730;
				LastUpgradeCheck = 0730;
				ORGANIZATIONNAME = SDS;
				TargetAttributes = {
					CA3D1DAF1D00184100F6B64E = {
						CreatedOnToolsVersion = 7.3;
					};
				};
			};
			buildConfigurationList = CA3D1DAB1D00184100F6B64E /* Build configuration list for PBXProject "AutolayoutTest" */;
			compatibilityVersion = "Xcode 3.2";
			developmentRegion = English;
			hasScannedForEncodings = 0;
			knownRegions = (
				en,
				Base,
			);
			mainGroup = CA3D1DA71D00184100F6B64E;
			productRefGroup = CA3D1DB11D00184100F6B64E /* Products */;
			projectDirPath = "";
			projectRoot = "";
			targets = (
				CA3D1DAF1D00184100F6B64E /* AutolayoutTest */,
			);
		};
/* End PBXProject section */

/* Begin PBXResourcesBuildPhase section */
		CA3D1DAE1D00184100F6B64E /* Resources */ = {
			isa = PBXResourcesBuildPhase;
			buildActionMask = 2147483647;
			files = (
				CA3D1DBE1D00184100F6B64E /* LaunchScreen.storyboard in Resources */,
				CA3D1DBB1D00184100F6B64E /* Assets.xcassets in Resources */,
				CA3D1DB91D00184100F6B64E /* Main.storyboard in Resources */,
			);
			runOnlyForDeploymentPostprocessing = 0;
		};
/* End PBXResourcesBuildPhase section */

/* Begin PBXSourcesBuildPhase section */
		CA3D1DAC1D00184100F6B64E /* Sources */ = {
			isa = PBXSourcesBuildPhase;
			buildActionMask = 2147483647;
			files = (
				CA3D1DB61D00184100F6B64E /* ViewController.swift in Sources */,
				CA3D1DB41D00184100F6B64E /* AppDelegate.swift in Sources */,
			);
			runOnlyForDeploymentPostprocessing = 0;
		};
/* End PBXSourcesBuildPhase section */

/* Begin PBXVariantGroup section */
		CA3D1DB71D00184100F6B64E /* Main.storyboard */ = {
			isa = PBXVariantGroup;
			children = (
				CA3D1DB81D00184100F6B64E /* Base */,
			);
			name = Main.storyboard;
			sourceTree = "<group>";
		};
		CA3D1DBC1D00184100F6B64E /* LaunchScreen.storyboard */ = {
			isa = PBXVariantGroup;
			children = (
				CA3D1DBD1D00184100F6B64E /* Base */,
			);
			name = LaunchScreen.storyboard;
			sourceTree = "<group>";
		};
/* End PBXVariantGroup section */

/* Begin XCBuildConfiguration section */
		CA3D1DC01D00184100F6B64E /* Debug */ = {
			isa = XCBuildConfiguration;
			buildSettings = {
				ALWAYS_SEARCH_USER_PATHS = NO;
				CLANG_ANALYZER_NONNULL = YES;
				CLANG_CXX_LANGUAGE_STANDARD = "gnu++0x";
				CLANG_CXX_LIBRARY = "libc++";
				CLANG_ENABLE_MODULES = YES;
				CLANG_ENABLE_OBJC_ARC = YES;
				CLANG_WARN_BOOL_CONVERSION = YES;
				CLANG_WARN_CONSTANT_CONVERSION = YES;
				CLANG_WARN_DIRECT_OBJC_ISA_USAGE = YES_ERROR;
				CLANG_WARN_EMPTY_BODY = YES;
				CLANG_WARN_ENUM_CONVERSION = YES;
				CLANG_WARN_INT_CONVERSION = YES;
				CLANG_WARN_OBJC_ROOT_CLASS = YES_ERROR;
				CLANG_WARN_UNREACHABLE_CODE = YES;
				CLANG_WARN__DUPLICATE_METHOD_MATCH = YES;
				"CODE_SIGN_IDENTITY[sdk=iphoneos*]" = "iPhone Developer";
				COPY_PHASE_STRIP = NO;
				DEBUG_INFORMATION_FORMAT = dwarf;
				ENABLE_STRICT_OBJC_MSGSEND = YES;
				ENABLE_TESTABILITY = YES;
				GCC_C_LANGUAGE_STANDARD = gnu99;
				GCC_DYNAMIC_NO_PIC = NO;
				GCC_NO_COMMON_BLOCKS = YES;
				GCC_OPTIMIZATION_LEVEL = 0;
				GCC_PREPROCESSOR_DEFINITIONS = (
					"DEBUG=1",
					"$(inherited)",
				);
				GCC_WARN_64_TO_32_BIT_CONVERSION = YES;
				GCC_WARN_ABOUT_RETURN_TYPE = YES_ERROR;
				GCC_WARN_UNDECLARED_SELECTOR = YES;
				GCC_WARN_UNINITIALIZED_AUTOS = YES_AGGRESSIVE;
				GCC_WARN_UNUSED_FUNCTION = YES;
				GCC_WARN_UNUSED_VARIABLE = YES;
				IPHONEOS_DEPLOYMENT_TARGET = 9.3;
				MTL_ENABLE_DEBUG_INFO = YES;
				ONLY_ACTIVE_ARCH = YES;
				SDKROOT = iphoneos;
				SWIFT_OPTIMIZATION_LEVEL = "-Onone";
			};
			name = Debug;
		};
		CA3D1DC11D00184100F6B64E /* Release */ = {
			isa = XCBuildConfiguration;
			buildSettings = {
				ALWAYS_SEARCH_USER_PATHS = NO;
				CLANG_ANALYZER_NONNULL = YES;
				CLANG_CXX_LANGUAGE_STANDARD = "gnu++0x";
				CLANG_CXX_LIBRARY = "libc++";
				CLANG_ENABLE_MODULES = YES;
				CLANG_ENABLE_OBJC_ARC = YES;
				CLANG_WARN_BOOL_CONVERSION = YES;
				CLANG_WARN_CONSTANT_CONVERSION = YES;
				CLANG_WARN_DIRECT_OBJC_ISA_USAGE = YES_ERROR;
				CLANG_WARN_EMPTY_BODY = YES;
				CLANG_WARN_ENUM_CONVERSION = YES;
				CLANG_WARN_INT_CONVERSION = YES;
				CLANG_WARN_OBJC_ROOT_CLASS = YES_ERROR;
				CLANG_WARN_UNREACHABLE_CODE = YES;
				CLANG_WARN__DUPLICATE_METHOD_MATCH = YES;
				"CODE_SIGN_IDENTITY[sdk=iphoneos*]" = "iPhone Developer";
				COPY_PHASE_STRIP = NO;
				DEBUG_INFORMATION_FORMAT = "dwarf-with-dsym";
				ENABLE_NS_ASSERTIONS = NO;
				ENABLE_STRICT_OBJC_MSGSEND = YES;
				GCC_C_LANGUAGE_STANDARD = gnu99;
				GCC_NO_COMMON_BLOCKS = YES;
				GCC_WARN_64_TO_32_BIT_CONVERSION = YES;
				GCC_WARN_ABOUT_RETURN_TYPE = YES_ERROR;
				GCC_WARN_UNDECLARED_SELECTOR = YES;
				GCC_WARN_UNINITIALIZED_AUTOS = YES_AGGRESSIVE;
				GCC_WARN_UNUSED_FUNCTION = YES;
				GCC_WARN_UNUSED_VARIABLE = YES;
				IPHONEOS_DEPLOYMENT_TARGET = 9.3;
				MTL_ENABLE_DEBUG_INFO = NO;
				SDKROOT = iphoneos;
				VALIDATE_PRODUCT = YES;
			};
			name = Release;
		};
		CA3D1DC31D00184100F6B64E /* Debug */ = {
			isa = XCBuildConfiguration;
			buildSettings = {
				ASSETCATALOG_COMPILER_APPICON_NAME = AppIcon;
				INFOPLIST_FILE = AutolayoutTest/Info.plist;
				LD_RUNPATH_SEARCH_PATHS = "$(inherited) @executable_path/Frameworks";
				PRODUCT_BUNDLE_IDENTIFIER = com.sds.AutolayoutTest;
				PRODUCT_NAME = "$(TARGET_NAME)";
			};
			name = Debug;
		};
		CA3D1DC41D00184100F6B64E /* Release */ = {
			isa = XCBuildConfiguration;
			buildSettings = {
				ASSETCATALOG_COMPILER_APPICON_NAME = AppIcon;
				INFOPLIST_FILE = AutolayoutTest/Info.plist;
				LD_RUNPATH_SEARCH_PATHS = "$(inherited) @executable_path/Frameworks";
				PRODUCT_BUNDLE_IDENTIFIER = com.sds.AutolayoutTest;
				PRODUCT_NAME = "$(TARGET_NAME)";
			};
			name = Release;
		};
/* End XCBuildConfiguration section */

/* Begin XCConfigurationList section */
		CA3D1DAB1D00184100F6B64E /* Build configuration list for PBXProject "AutolayoutTest" */ = {
			isa = XCConfigurationList;
			buildConfigurations = (
				CA3D1DC01D00184100F6B64E /* Debug */,
				CA3D1DC11D00184100F6B64E /* Release */,
			);
			defaultConfigurationIsVisible = 0;
			defaultConfigurationName = Release;
		};
		CA3D1DC21D00184100F6B64E /* Build configuration list for PBXNativeTarget "AutolayoutTest" */ = {
			isa = XCConfigurationList;
			buildConfigurations = (
				CA3D1DC31D00184100F6B64E /* Debug */,
				CA3D1DC41D00184100F6B64E /* Release */,
			);
			defaultConfigurationIsVisible = 0;
		};
/* End XCConfigurationList section */
	};
	rootObject = CA3D1DA81D00184100F6B64E /* Project object */;
}
